// !$*UTF8*$!
{
	archiveVersion = 1;
	classes = {
	};
	objectVersion = 52;
	objects = {

/* Begin PBXBuildFile section */
		6B24D8E225E5393B00396DB3 /* HospitalList.swift in Sources */ = {isa = PBXBuildFile; fileRef = 6B24D8E125E5393B00396DB3 /* HospitalList.swift */; };
		6B24D91025E55D8100396DB3 /* DeathList.swift in Sources */ = {isa = PBXBuildFile; fileRef = 6B24D90F25E55D8100396DB3 /* DeathList.swift */; };
		6B24D96725E6925E00396DB3 /* MapViewWithAnnotations.swift in Sources */ = {isa = PBXBuildFile; fileRef = 6B24D96625E6925D00396DB3 /* MapViewWithAnnotations.swift */; };
		6B24D96E25E6CA0600396DB3 /* HospitalMapView.swift in Sources */ = {isa = PBXBuildFile; fileRef = 6B24D96D25E6CA0600396DB3 /* HospitalMapView.swift */; };
		6B24D97325E6DA2B00396DB3 /* RetailMapView.swift in Sources */ = {isa = PBXBuildFile; fileRef = 6B24D97225E6DA2B00396DB3 /* RetailMapView.swift */; };
		6B24D97725E6E0F700396DB3 /* MassMapView.swift in Sources */ = {isa = PBXBuildFile; fileRef = 6B24D97625E6E0F700396DB3 /* MassMapView.swift */; };
		6B41B28225E140AA00DD7E32 /* VaccineLocationsListView.swift in Sources */ = {isa = PBXBuildFile; fileRef = 6B41B28125E140AA00DD7E32 /* VaccineLocationsListView.swift */; };
		6B41B28525E140D800DD7E32 /* VaccineLocationsDetails.swift in Sources */ = {isa = PBXBuildFile; fileRef = 6B41B28425E140D800DD7E32 /* VaccineLocationsDetails.swift */; };
		6B473BEF25E4149D00A4B84C /* MDPositiveCases.swift in Sources */ = {isa = PBXBuildFile; fileRef = 6B473BEE25E4149D00A4B84C /* MDPositiveCases.swift */; };
		6B473BF225E414C200A4B84C /* MDTotalCurrentHospital.swift in Sources */ = {isa = PBXBuildFile; fileRef = 6B473BF125E414C200A4B84C /* MDTotalCurrentHospital.swift */; };
		6B473BF525E414E700A4B84C /* MDHeader.swift in Sources */ = {isa = PBXBuildFile; fileRef = 6B473BF425E414E700A4B84C /* MDHeader.swift */; };
		6B473BF825E414FA00A4B84C /* MDCases.swift in Sources */ = {isa = PBXBuildFile; fileRef = 6B473BF725E414FA00A4B84C /* MDCases.swift */; };
		6B473BFB25E4150E00A4B84C /* MDDataDeath.swift in Sources */ = {isa = PBXBuildFile; fileRef = 6B473BFA25E4150E00A4B84C /* MDDataDeath.swift */; };
		6B473C0425E4171C00A4B84C /* CasesRowOne.swift in Sources */ = {isa = PBXBuildFile; fileRef = 6B473C0325E4171C00A4B84C /* CasesRowOne.swift */; };
		6B473C0725E4173500A4B84C /* HospitalRow.swift in Sources */ = {isa = PBXBuildFile; fileRef = 6B473C0625E4173500A4B84C /* HospitalRow.swift */; };
		6B473C0A25E4174E00A4B84C /* DeathRow.swift in Sources */ = {isa = PBXBuildFile; fileRef = 6B473C0925E4174E00A4B84C /* DeathRow.swift */; };
		6B473C0D25E4176D00A4B84C /* CaseView.swift in Sources */ = {isa = PBXBuildFile; fileRef = 6B473C0C25E4176D00A4B84C /* CaseView.swift */; };
		6B473C1025E4178C00A4B84C /* HospitalView.swift in Sources */ = {isa = PBXBuildFile; fileRef = 6B473C0F25E4178C00A4B84C /* HospitalView.swift */; };
		6B473C1425E4186E00A4B84C /* DeathView.swift in Sources */ = {isa = PBXBuildFile; fileRef = 6B473C1325E4186E00A4B84C /* DeathView.swift */; };
		6B473C1725E418B500A4B84C /* CaseRingView.swift in Sources */ = {isa = PBXBuildFile; fileRef = 6B473C1625E418B500A4B84C /* CaseRingView.swift */; };
		6B473C1B25E41C0B00A4B84C /* HomeBackgroundView.swift in Sources */ = {isa = PBXBuildFile; fileRef = 6B473C1A25E41C0B00A4B84C /* HomeBackgroundView.swift */; };
		6B473C1E25E41CDB00A4B84C /* CardView.swift in Sources */ = {isa = PBXBuildFile; fileRef = 6B473C1D25E41CDB00A4B84C /* CardView.swift */; };
		6B473C2125E41CF300A4B84C /* BackCardView.swift in Sources */ = {isa = PBXBuildFile; fileRef = 6B473C2025E41CF300A4B84C /* BackCardView.swift */; };
		6B473C2425E41D1A00A4B84C /* TitleView.swift in Sources */ = {isa = PBXBuildFile; fileRef = 6B473C2325E41D1A00A4B84C /* TitleView.swift */; };
		6B473C2725E41D3500A4B84C /* BottomCardView.swift in Sources */ = {isa = PBXBuildFile; fileRef = 6B473C2625E41D3500A4B84C /* BottomCardView.swift */; };
		6B473C2A25E41E3200A4B84C /* SectionView.swift in Sources */ = {isa = PBXBuildFile; fileRef = 6B473C2925E41E3200A4B84C /* SectionView.swift */; };
		6B473C2D25E41E7300A4B84C /* SectionSecondRowView.swift in Sources */ = {isa = PBXBuildFile; fileRef = 6B473C2C25E41E7300A4B84C /* SectionSecondRowView.swift */; };
		6B473C3025E41EB000A4B84C /* SectionThirdRowView.swift in Sources */ = {isa = PBXBuildFile; fileRef = 6B473C2F25E41EB000A4B84C /* SectionThirdRowView.swift */; };
		6B473C3325E41EE800A4B84C /* Section.swift in Sources */ = {isa = PBXBuildFile; fileRef = 6B473C3225E41EE800A4B84C /* Section.swift */; };
		6B473C3625E41F0300A4B84C /* SectionSecondRow.swift in Sources */ = {isa = PBXBuildFile; fileRef = 6B473C3525E41F0300A4B84C /* SectionSecondRow.swift */; };
		6B473C3925E41F2F00A4B84C /* SectionThirdRow.swift in Sources */ = {isa = PBXBuildFile; fileRef = 6B473C3825E41F2F00A4B84C /* SectionThirdRow.swift */; };
		6B473C3C25E41F6600A4B84C /* WatchRingsView.swift in Sources */ = {isa = PBXBuildFile; fileRef = 6B473C3B25E41F6600A4B84C /* WatchRingsView.swift */; };
		6B473C4125E4251D00A4B84C /* CasesList.swift in Sources */ = {isa = PBXBuildFile; fileRef = 6B473C4025E4251D00A4B84C /* CasesList.swift */; };
		6BDFC7E325E2EC04009ACA10 /* Post.swift in Sources */ = {isa = PBXBuildFile; fileRef = 6BDFC7E225E2EC04009ACA10 /* Post.swift */; };
		6BDFC7E625E2EC4F009ACA10 /* MDVaccine.swift in Sources */ = {isa = PBXBuildFile; fileRef = 6BDFC7E525E2EC4F009ACA10 /* MDVaccine.swift */; };
		6BDFC7E925E2EC81009ACA10 /* MDVaccineLocations.swift in Sources */ = {isa = PBXBuildFile; fileRef = 6BDFC7E825E2EC81009ACA10 /* MDVaccineLocations.swift */; };
		6BDFC7F025E30794009ACA10 /* CasesView.swift in Sources */ = {isa = PBXBuildFile; fileRef = 6BDFC7EF25E30794009ACA10 /* CasesView.swift */; };
		6BEA2C4125DEB1FE0096FC12 /* CovidVaccMDApp.swift in Sources */ = {isa = PBXBuildFile; fileRef = 6BEA2C4025DEB1FE0096FC12 /* CovidVaccMDApp.swift */; };
		6BEA2C4325DEB1FE0096FC12 /* ContentView.swift in Sources */ = {isa = PBXBuildFile; fileRef = 6BEA2C4225DEB1FE0096FC12 /* ContentView.swift */; };
		6BEA2C4525DEB1FF0096FC12 /* Assets.xcassets in Resources */ = {isa = PBXBuildFile; fileRef = 6BEA2C4425DEB1FF0096FC12 /* Assets.xcassets */; };
		6BEA2C4825DEB1FF0096FC12 /* Preview Assets.xcassets in Resources */ = {isa = PBXBuildFile; fileRef = 6BEA2C4725DEB1FF0096FC12 /* Preview Assets.xcassets */; };
		6BEA2C5525DEB2C70096FC12 /* UserStore.swift in Sources */ = {isa = PBXBuildFile; fileRef = 6BEA2C5425DEB2C70096FC12 /* UserStore.swift */; };
		6BEA2C5825DEB2EA0096FC12 /* RingView.swift in Sources */ = {isa = PBXBuildFile; fileRef = 6BEA2C5725DEB2EA0096FC12 /* RingView.swift */; };
		6BEA2C5C25DEB3090096FC12 /* Home.swift in Sources */ = {isa = PBXBuildFile; fileRef = 6BEA2C5B25DEB3090096FC12 /* Home.swift */; };
		6BEA2C6025DEB3210096FC12 /* CourseList.swift in Sources */ = {isa = PBXBuildFile; fileRef = 6BEA2C5F25DEB3210096FC12 /* CourseList.swift */; };
		6BEA2C6325DEB3400096FC12 /* CourseStore.swift in Sources */ = {isa = PBXBuildFile; fileRef = 6BEA2C6225DEB3400096FC12 /* CourseStore.swift */; };
		6BEA2C6625DEB3560096FC12 /* CourseDetail.swift in Sources */ = {isa = PBXBuildFile; fileRef = 6BEA2C6525DEB3560096FC12 /* CourseDetail.swift */; };
		6BEA2C6925DEB3670096FC12 /* HomeView.swift in Sources */ = {isa = PBXBuildFile; fileRef = 6BEA2C6825DEB3670096FC12 /* HomeView.swift */; };
		6BEA2C6F25DEB5D80096FC12 /* UpdateList.swift in Sources */ = {isa = PBXBuildFile; fileRef = 6BEA2C6E25DEB5D80096FC12 /* UpdateList.swift */; };
		6BEA2C7525DEB6080096FC12 /* UpdateStore.swift in Sources */ = {isa = PBXBuildFile; fileRef = 6BEA2C7425DEB6080096FC12 /* UpdateStore.swift */; };
		6BEA2C7825DEB61B0096FC12 /* Data.swift in Sources */ = {isa = PBXBuildFile; fileRef = 6BEA2C7725DEB61B0096FC12 /* Data.swift */; };
		6BEA2C7B25DEB67B0096FC12 /* DataStore.swift in Sources */ = {isa = PBXBuildFile; fileRef = 6BEA2C7A25DEB67B0096FC12 /* DataStore.swift */; };
		6BEA2C7E25DEB6910096FC12 /* PostList.swift in Sources */ = {isa = PBXBuildFile; fileRef = 6BEA2C7D25DEB6910096FC12 /* PostList.swift */; };
		6BEA2C8125DEB6A10096FC12 /* TabBar.swift in Sources */ = {isa = PBXBuildFile; fileRef = 6BEA2C8025DEB6A10096FC12 /* TabBar.swift */; };
		6BEA2C8425DEB6B20096FC12 /* BlurView.swift in Sources */ = {isa = PBXBuildFile; fileRef = 6BEA2C8325DEB6B20096FC12 /* BlurView.swift */; };
		6BEA2C8725DEB6C10096FC12 /* LottieView.swift in Sources */ = {isa = PBXBuildFile; fileRef = 6BEA2C8625DEB6C10096FC12 /* LottieView.swift */; };
		6BEA2C8A25DEB6DB0096FC12 /* LoadingView.swift in Sources */ = {isa = PBXBuildFile; fileRef = 6BEA2C8925DEB6DB0096FC12 /* LoadingView.swift */; };
		6BEA2C8D25DEB6EE0096FC12 /* SuccessView.swift in Sources */ = {isa = PBXBuildFile; fileRef = 6BEA2C8C25DEB6EE0096FC12 /* SuccessView.swift */; };
		6BEA2C9025DEB6FF0096FC12 /* Button.swift in Sources */ = {isa = PBXBuildFile; fileRef = 6BEA2C8F25DEB6FF0096FC12 /* Button.swift */; };
		6BEA2C9325DEB70F0096FC12 /* Modifers.swift in Sources */ = {isa = PBXBuildFile; fileRef = 6BEA2C9225DEB70F0096FC12 /* Modifers.swift */; };
		6BEA2C9625DEB71E0096FC12 /* Keys.swift in Sources */ = {isa = PBXBuildFile; fileRef = 6BEA2C9525DEB71E0096FC12 /* Keys.swift */; };
		6BEA2C9A25DEB80B0096FC12 /* Contentful in Frameworks */ = {isa = PBXBuildFile; productRef = 6BEA2C9925DEB80B0096FC12 /* Contentful */; };
		6BEA2C9E25DEB8560096FC12 /* Lottie in Frameworks */ = {isa = PBXBuildFile; productRef = 6BEA2C9D25DEB8560096FC12 /* Lottie */; };
		6BEA2CA225DEB87F0096FC12 /* SDWebImageSwiftUI in Frameworks */ = {isa = PBXBuildFile; productRef = 6BEA2CA125DEB87F0096FC12 /* SDWebImageSwiftUI */; };
		6BEA2CD225E024220096FC12 /* MapView.swift in Sources */ = {isa = PBXBuildFile; fileRef = 6BEA2CD125E024220096FC12 /* MapView.swift */; };
/* End PBXBuildFile section */

/* Begin PBXFileReference section */
		6B24D8E125E5393B00396DB3 /* HospitalList.swift */ = {isa = PBXFileReference; lastKnownFileType = sourcecode.swift; path = HospitalList.swift; sourceTree = "<group>"; };
		6B24D90F25E55D8100396DB3 /* DeathList.swift */ = {isa = PBXFileReference; lastKnownFileType = sourcecode.swift; path = DeathList.swift; sourceTree = "<group>"; };
		6B24D96625E6925D00396DB3 /* MapViewWithAnnotations.swift */ = {isa = PBXFileReference; lastKnownFileType = sourcecode.swift; path = MapViewWithAnnotations.swift; sourceTree = "<group>"; };
		6B24D96D25E6CA0600396DB3 /* HospitalMapView.swift */ = {isa = PBXFileReference; lastKnownFileType = sourcecode.swift; path = HospitalMapView.swift; sourceTree = "<group>"; };
		6B24D97225E6DA2B00396DB3 /* RetailMapView.swift */ = {isa = PBXFileReference; lastKnownFileType = sourcecode.swift; path = RetailMapView.swift; sourceTree = "<group>"; };
		6B24D97625E6E0F700396DB3 /* MassMapView.swift */ = {isa = PBXFileReference; lastKnownFileType = sourcecode.swift; path = MassMapView.swift; sourceTree = "<group>"; };
		6B41B28125E140AA00DD7E32 /* VaccineLocationsListView.swift */ = {isa = PBXFileReference; lastKnownFileType = sourcecode.swift; path = VaccineLocationsListView.swift; sourceTree = "<group>"; };
		6B41B28425E140D800DD7E32 /* VaccineLocationsDetails.swift */ = {isa = PBXFileReference; lastKnownFileType = sourcecode.swift; path = VaccineLocationsDetails.swift; sourceTree = "<group>"; };
		6B473BEE25E4149D00A4B84C /* MDPositiveCases.swift */ = {isa = PBXFileReference; lastKnownFileType = sourcecode.swift; path = MDPositiveCases.swift; sourceTree = "<group>"; };
		6B473BF125E414C200A4B84C /* MDTotalCurrentHospital.swift */ = {isa = PBXFileReference; lastKnownFileType = sourcecode.swift; path = MDTotalCurrentHospital.swift; sourceTree = "<group>"; };
		6B473BF425E414E700A4B84C /* MDHeader.swift */ = {isa = PBXFileReference; lastKnownFileType = sourcecode.swift; path = MDHeader.swift; sourceTree = "<group>"; };
		6B473BF725E414FA00A4B84C /* MDCases.swift */ = {isa = PBXFileReference; lastKnownFileType = sourcecode.swift; path = MDCases.swift; sourceTree = "<group>"; };
		6B473BFA25E4150E00A4B84C /* MDDataDeath.swift */ = {isa = PBXFileReference; lastKnownFileType = sourcecode.swift; path = MDDataDeath.swift; sourceTree = "<group>"; };
		6B473C0325E4171C00A4B84C /* CasesRowOne.swift */ = {isa = PBXFileReference; lastKnownFileType = sourcecode.swift; path = CasesRowOne.swift; sourceTree = "<group>"; };
		6B473C0625E4173500A4B84C /* HospitalRow.swift */ = {isa = PBXFileReference; lastKnownFileType = sourcecode.swift; path = HospitalRow.swift; sourceTree = "<group>"; };
		6B473C0925E4174E00A4B84C /* DeathRow.swift */ = {isa = PBXFileReference; lastKnownFileType = sourcecode.swift; path = DeathRow.swift; sourceTree = "<group>"; };
		6B473C0C25E4176D00A4B84C /* CaseView.swift */ = {isa = PBXFileReference; lastKnownFileType = sourcecode.swift; path = CaseView.swift; sourceTree = "<group>"; };
		6B473C0F25E4178C00A4B84C /* HospitalView.swift */ = {isa = PBXFileReference; lastKnownFileType = sourcecode.swift; path = HospitalView.swift; sourceTree = "<group>"; };
		6B473C1325E4186E00A4B84C /* DeathView.swift */ = {isa = PBXFileReference; lastKnownFileType = sourcecode.swift; path = DeathView.swift; sourceTree = "<group>"; };
		6B473C1625E418B500A4B84C /* CaseRingView.swift */ = {isa = PBXFileReference; lastKnownFileType = sourcecode.swift; path = CaseRingView.swift; sourceTree = "<group>"; };
		6B473C1A25E41C0B00A4B84C /* HomeBackgroundView.swift */ = {isa = PBXFileReference; lastKnownFileType = sourcecode.swift; path = HomeBackgroundView.swift; sourceTree = "<group>"; };
		6B473C1D25E41CDB00A4B84C /* CardView.swift */ = {isa = PBXFileReference; lastKnownFileType = sourcecode.swift; path = CardView.swift; sourceTree = "<group>"; };
		6B473C2025E41CF300A4B84C /* BackCardView.swift */ = {isa = PBXFileReference; lastKnownFileType = sourcecode.swift; path = BackCardView.swift; sourceTree = "<group>"; };
		6B473C2325E41D1A00A4B84C /* TitleView.swift */ = {isa = PBXFileReference; lastKnownFileType = sourcecode.swift; path = TitleView.swift; sourceTree = "<group>"; };
		6B473C2625E41D3500A4B84C /* BottomCardView.swift */ = {isa = PBXFileReference; lastKnownFileType = sourcecode.swift; path = BottomCardView.swift; sourceTree = "<group>"; };
		6B473C2925E41E3200A4B84C /* SectionView.swift */ = {isa = PBXFileReference; lastKnownFileType = sourcecode.swift; path = SectionView.swift; sourceTree = "<group>"; };
		6B473C2C25E41E7300A4B84C /* SectionSecondRowView.swift */ = {isa = PBXFileReference; lastKnownFileType = sourcecode.swift; path = SectionSecondRowView.swift; sourceTree = "<group>"; };
		6B473C2F25E41EB000A4B84C /* SectionThirdRowView.swift */ = {isa = PBXFileReference; lastKnownFileType = sourcecode.swift; path = SectionThirdRowView.swift; sourceTree = "<group>"; };
		6B473C3225E41EE800A4B84C /* Section.swift */ = {isa = PBXFileReference; lastKnownFileType = sourcecode.swift; path = Section.swift; sourceTree = "<group>"; };
		6B473C3525E41F0300A4B84C /* SectionSecondRow.swift */ = {isa = PBXFileReference; lastKnownFileType = sourcecode.swift; path = SectionSecondRow.swift; sourceTree = "<group>"; };
		6B473C3825E41F2F00A4B84C /* SectionThirdRow.swift */ = {isa = PBXFileReference; lastKnownFileType = sourcecode.swift; path = SectionThirdRow.swift; sourceTree = "<group>"; };
		6B473C3B25E41F6600A4B84C /* WatchRingsView.swift */ = {isa = PBXFileReference; lastKnownFileType = sourcecode.swift; path = WatchRingsView.swift; sourceTree = "<group>"; };
		6B473C4025E4251D00A4B84C /* CasesList.swift */ = {isa = PBXFileReference; lastKnownFileType = sourcecode.swift; path = CasesList.swift; sourceTree = "<group>"; };
		6BDFC7E225E2EC04009ACA10 /* Post.swift */ = {isa = PBXFileReference; lastKnownFileType = sourcecode.swift; path = Post.swift; sourceTree = "<group>"; };
		6BDFC7E525E2EC4F009ACA10 /* MDVaccine.swift */ = {isa = PBXFileReference; lastKnownFileType = sourcecode.swift; path = MDVaccine.swift; sourceTree = "<group>"; };
		6BDFC7E825E2EC81009ACA10 /* MDVaccineLocations.swift */ = {isa = PBXFileReference; lastKnownFileType = sourcecode.swift; path = MDVaccineLocations.swift; sourceTree = "<group>"; };
		6BDFC7EF25E30794009ACA10 /* CasesView.swift */ = {isa = PBXFileReference; lastKnownFileType = sourcecode.swift; path = CasesView.swift; sourceTree = "<group>"; };
		6BEA2C3D25DEB1FE0096FC12 /* CovidVaccMD.app */ = {isa = PBXFileReference; explicitFileType = wrapper.application; includeInIndex = 0; path = CovidVaccMD.app; sourceTree = BUILT_PRODUCTS_DIR; };
		6BEA2C4025DEB1FE0096FC12 /* CovidVaccMDApp.swift */ = {isa = PBXFileReference; lastKnownFileType = sourcecode.swift; path = CovidVaccMDApp.swift; sourceTree = "<group>"; };
		6BEA2C4225DEB1FE0096FC12 /* ContentView.swift */ = {isa = PBXFileReference; lastKnownFileType = sourcecode.swift; path = ContentView.swift; sourceTree = "<group>"; };
		6BEA2C4425DEB1FF0096FC12 /* Assets.xcassets */ = {isa = PBXFileReference; lastKnownFileType = folder.assetcatalog; path = Assets.xcassets; sourceTree = "<group>"; };
		6BEA2C4725DEB1FF0096FC12 /* Preview Assets.xcassets */ = {isa = PBXFileReference; lastKnownFileType = folder.assetcatalog; path = "Preview Assets.xcassets"; sourceTree = "<group>"; };
		6BEA2C4925DEB1FF0096FC12 /* Info.plist */ = {isa = PBXFileReference; lastKnownFileType = text.plist.xml; path = Info.plist; sourceTree = "<group>"; };
		6BEA2C5425DEB2C70096FC12 /* UserStore.swift */ = {isa = PBXFileReference; lastKnownFileType = sourcecode.swift; path = UserStore.swift; sourceTree = "<group>"; };
		6BEA2C5725DEB2EA0096FC12 /* RingView.swift */ = {isa = PBXFileReference; lastKnownFileType = sourcecode.swift; path = RingView.swift; sourceTree = "<group>"; };
		6BEA2C5B25DEB3090096FC12 /* Home.swift */ = {isa = PBXFileReference; lastKnownFileType = sourcecode.swift; path = Home.swift; sourceTree = "<group>"; };
		6BEA2C5F25DEB3210096FC12 /* CourseList.swift */ = {isa = PBXFileReference; lastKnownFileType = sourcecode.swift; path = CourseList.swift; sourceTree = "<group>"; };
		6BEA2C6225DEB3400096FC12 /* CourseStore.swift */ = {isa = PBXFileReference; lastKnownFileType = sourcecode.swift; path = CourseStore.swift; sourceTree = "<group>"; };
		6BEA2C6525DEB3560096FC12 /* CourseDetail.swift */ = {isa = PBXFileReference; lastKnownFileType = sourcecode.swift; path = CourseDetail.swift; sourceTree = "<group>"; };
		6BEA2C6825DEB3670096FC12 /* HomeView.swift */ = {isa = PBXFileReference; lastKnownFileType = sourcecode.swift; path = HomeView.swift; sourceTree = "<group>"; };
		6BEA2C6E25DEB5D80096FC12 /* UpdateList.swift */ = {isa = PBXFileReference; lastKnownFileType = sourcecode.swift; path = UpdateList.swift; sourceTree = "<group>"; };
		6BEA2C7425DEB6080096FC12 /* UpdateStore.swift */ = {isa = PBXFileReference; lastKnownFileType = sourcecode.swift; path = UpdateStore.swift; sourceTree = "<group>"; };
		6BEA2C7725DEB61B0096FC12 /* Data.swift */ = {isa = PBXFileReference; lastKnownFileType = sourcecode.swift; path = Data.swift; sourceTree = "<group>"; };
		6BEA2C7A25DEB67B0096FC12 /* DataStore.swift */ = {isa = PBXFileReference; lastKnownFileType = sourcecode.swift; path = DataStore.swift; sourceTree = "<group>"; };
		6BEA2C7D25DEB6910096FC12 /* PostList.swift */ = {isa = PBXFileReference; lastKnownFileType = sourcecode.swift; path = PostList.swift; sourceTree = "<group>"; };
		6BEA2C8025DEB6A10096FC12 /* TabBar.swift */ = {isa = PBXFileReference; lastKnownFileType = sourcecode.swift; path = TabBar.swift; sourceTree = "<group>"; };
		6BEA2C8325DEB6B20096FC12 /* BlurView.swift */ = {isa = PBXFileReference; lastKnownFileType = sourcecode.swift; path = BlurView.swift; sourceTree = "<group>"; };
		6BEA2C8625DEB6C10096FC12 /* LottieView.swift */ = {isa = PBXFileReference; lastKnownFileType = sourcecode.swift; path = LottieView.swift; sourceTree = "<group>"; };
		6BEA2C8925DEB6DB0096FC12 /* LoadingView.swift */ = {isa = PBXFileReference; lastKnownFileType = sourcecode.swift; path = LoadingView.swift; sourceTree = "<group>"; };
		6BEA2C8C25DEB6EE0096FC12 /* SuccessView.swift */ = {isa = PBXFileReference; lastKnownFileType = sourcecode.swift; path = SuccessView.swift; sourceTree = "<group>"; };
		6BEA2C8F25DEB6FF0096FC12 /* Button.swift */ = {isa = PBXFileReference; lastKnownFileType = sourcecode.swift; path = Button.swift; sourceTree = "<group>"; };
		6BEA2C9225DEB70F0096FC12 /* Modifers.swift */ = {isa = PBXFileReference; lastKnownFileType = sourcecode.swift; path = Modifers.swift; sourceTree = "<group>"; };
		6BEA2C9525DEB71E0096FC12 /* Keys.swift */ = {isa = PBXFileReference; lastKnownFileType = sourcecode.swift; path = Keys.swift; sourceTree = "<group>"; };
		6BEA2CD125E024220096FC12 /* MapView.swift */ = {isa = PBXFileReference; lastKnownFileType = sourcecode.swift; path = MapView.swift; sourceTree = "<group>"; };
/* End PBXFileReference section */

/* Begin PBXFrameworksBuildPhase section */
		6BEA2C3A25DEB1FE0096FC12 /* Frameworks */ = {
			isa = PBXFrameworksBuildPhase;
			buildActionMask = 2147483647;
			files = (
				6BEA2CA225DEB87F0096FC12 /* SDWebImageSwiftUI in Frameworks */,
				6BEA2C9A25DEB80B0096FC12 /* Contentful in Frameworks */,
				6BEA2C9E25DEB8560096FC12 /* Lottie in Frameworks */,
			);
			runOnlyForDeploymentPostprocessing = 0;
		};
/* End PBXFrameworksBuildPhase section */

/* Begin PBXGroup section */
		6B473BFD25E415A000A4B84C /* Home */ = {
			isa = PBXGroup;
			children = (
				6BEA2C5B25DEB3090096FC12 /* Home.swift */,
				6BEA2C4225DEB1FE0096FC12 /* ContentView.swift */,
				6B24D96625E6925D00396DB3 /* MapViewWithAnnotations.swift */,
				6B24D96D25E6CA0600396DB3 /* HospitalMapView.swift */,
				6B24D97225E6DA2B00396DB3 /* RetailMapView.swift */,
				6B24D97625E6E0F700396DB3 /* MassMapView.swift */,
				6BEA2CD125E024220096FC12 /* MapView.swift */,
				6BEA2C6825DEB3670096FC12 /* HomeView.swift */,
				6B41B28125E140AA00DD7E32 /* VaccineLocationsListView.swift */,
				6B41B28425E140D800DD7E32 /* VaccineLocationsDetails.swift */,
				6BEA2C5F25DEB3210096FC12 /* CourseList.swift */,
				6BEA2C6525DEB3560096FC12 /* CourseDetail.swift */,
				6BEA2C7D25DEB6910096FC12 /* PostList.swift */,
				6BEA2C8925DEB6DB0096FC12 /* LoadingView.swift */,
				6BEA2C8C25DEB6EE0096FC12 /* SuccessView.swift */,
				6B473C1A25E41C0B00A4B84C /* HomeBackgroundView.swift */,
				6B473C1D25E41CDB00A4B84C /* CardView.swift */,
				6B473C2025E41CF300A4B84C /* BackCardView.swift */,
				6B473C2325E41D1A00A4B84C /* TitleView.swift */,
				6B473C2625E41D3500A4B84C /* BottomCardView.swift */,
				6B473C2925E41E3200A4B84C /* SectionView.swift */,
				6B473C2C25E41E7300A4B84C /* SectionSecondRowView.swift */,
				6B473C2F25E41EB000A4B84C /* SectionThirdRowView.swift */,
			);
			path = Home;
			sourceTree = "<group>";
		};
		6B473BFE25E415DE00A4B84C /* Cases */ = {
			isa = PBXGroup;
			children = (
				6BDFC7EF25E30794009ACA10 /* CasesView.swift */,
				6B473C0C25E4176D00A4B84C /* CaseView.swift */,
				6B473C0F25E4178C00A4B84C /* HospitalView.swift */,
				6B473C1325E4186E00A4B84C /* DeathView.swift */,
				6B473C4025E4251D00A4B84C /* CasesList.swift */,
				6B24D8E125E5393B00396DB3 /* HospitalList.swift */,
				6B24D90F25E55D8100396DB3 /* DeathList.swift */,
			);
			path = Cases;
			sourceTree = "<group>";
		};
		6B473BFF25E415F200A4B84C /* Tab */ = {
			isa = PBXGroup;
			children = (
				6BEA2C8025DEB6A10096FC12 /* TabBar.swift */,
			);
			path = Tab;
			sourceTree = "<group>";
		};
		6B473C0025E4160F00A4B84C /* ProgressRing */ = {
			isa = PBXGroup;
			children = (
				6BEA2C5725DEB2EA0096FC12 /* RingView.swift */,
				6B473C1625E418B500A4B84C /* CaseRingView.swift */,
				6B473C3B25E41F6600A4B84C /* WatchRingsView.swift */,
			);
			path = ProgressRing;
			sourceTree = "<group>";
		};
		6BDFC7DD25E2E7DD009ACA10 /* ViewModel */ = {
			isa = PBXGroup;
			children = (
				6BEA2C7725DEB61B0096FC12 /* Data.swift */,
				6BEA2C5425DEB2C70096FC12 /* UserStore.swift */,
				6BEA2C6225DEB3400096FC12 /* CourseStore.swift */,
				6BEA2C7425DEB6080096FC12 /* UpdateStore.swift */,
				6BEA2C7A25DEB67B0096FC12 /* DataStore.swift */,
			);
			path = ViewModel;
			sourceTree = "<group>";
		};
		6BDFC7DE25E2E7FB009ACA10 /* Model */ = {
			isa = PBXGroup;
			children = (
				6BEA2C6E25DEB5D80096FC12 /* UpdateList.swift */,
				6BDFC7E225E2EC04009ACA10 /* Post.swift */,
				6BDFC7E525E2EC4F009ACA10 /* MDVaccine.swift */,
				6BDFC7E825E2EC81009ACA10 /* MDVaccineLocations.swift */,
				6B473BEE25E4149D00A4B84C /* MDPositiveCases.swift */,
				6B473BF125E414C200A4B84C /* MDTotalCurrentHospital.swift */,
				6B473BF425E414E700A4B84C /* MDHeader.swift */,
				6B473BF725E414FA00A4B84C /* MDCases.swift */,
				6B473BFA25E4150E00A4B84C /* MDDataDeath.swift */,
				6B473C0325E4171C00A4B84C /* CasesRowOne.swift */,
				6B473C0625E4173500A4B84C /* HospitalRow.swift */,
				6B473C0925E4174E00A4B84C /* DeathRow.swift */,
				6B473C3225E41EE800A4B84C /* Section.swift */,
				6B473C3525E41F0300A4B84C /* SectionSecondRow.swift */,
				6B473C3825E41F2F00A4B84C /* SectionThirdRow.swift */,
			);
			path = Model;
			sourceTree = "<group>";
		};
		6BDFC7DF25E2E801009ACA10 /* View */ = {
			isa = PBXGroup;
			children = (
				6B473C0025E4160F00A4B84C /* ProgressRing */,
				6B473BFF25E415F200A4B84C /* Tab */,
				6B473BFE25E415DE00A4B84C /* Cases */,
				6B473BFD25E415A000A4B84C /* Home */,
			);
			path = View;
			sourceTree = "<group>";
		};
		6BDFC7E125E2E88E009ACA10 /* Modifers */ = {
			isa = PBXGroup;
			children = (
				6BEA2C8325DEB6B20096FC12 /* BlurView.swift */,
				6BEA2C8625DEB6C10096FC12 /* LottieView.swift */,
				6BEA2C9225DEB70F0096FC12 /* Modifers.swift */,
				6BEA2C8F25DEB6FF0096FC12 /* Button.swift */,
				6BEA2C9525DEB71E0096FC12 /* Keys.swift */,
			);
			path = Modifers;
			sourceTree = "<group>";
		};
		6BEA2C3425DEB1FE0096FC12 = {
			isa = PBXGroup;
			children = (
				6BEA2C3F25DEB1FE0096FC12 /* CovidVaccMD */,
				6BEA2C3E25DEB1FE0096FC12 /* Products */,
			);
			sourceTree = "<group>";
		};
		6BEA2C3E25DEB1FE0096FC12 /* Products */ = {
			isa = PBXGroup;
			children = (
				6BEA2C3D25DEB1FE0096FC12 /* CovidVaccMD.app */,
			);
			name = Products;
			sourceTree = "<group>";
		};
		6BEA2C3F25DEB1FE0096FC12 /* CovidVaccMD */ = {
			isa = PBXGroup;
			children = (
				6BEA2C4025DEB1FE0096FC12 /* CovidVaccMDApp.swift */,
				6BDFC7E125E2E88E009ACA10 /* Modifers */,
				6BDFC7DF25E2E801009ACA10 /* View */,
				6BDFC7DE25E2E7FB009ACA10 /* Model */,
				6BDFC7DD25E2E7DD009ACA10 /* ViewModel */,
				6BEA2C4425DEB1FF0096FC12 /* Assets.xcassets */,
				6BEA2C4925DEB1FF0096FC12 /* Info.plist */,
				6BEA2C4625DEB1FF0096FC12 /* Preview Content */,
			);
			path = CovidVaccMD;
			sourceTree = "<group>";
		};
		6BEA2C4625DEB1FF0096FC12 /* Preview Content */ = {
			isa = PBXGroup;
			children = (
				6BEA2C4725DEB1FF0096FC12 /* Preview Assets.xcassets */,
			);
			path = "Preview Content";
			sourceTree = "<group>";
		};
/* End PBXGroup section */

/* Begin PBXNativeTarget section */
		6BEA2C3C25DEB1FE0096FC12 /* CovidVaccMD */ = {
			isa = PBXNativeTarget;
			buildConfigurationList = 6BEA2C4C25DEB1FF0096FC12 /* Build configuration list for PBXNativeTarget "CovidVaccMD" */;
			buildPhases = (
				6BEA2C3925DEB1FE0096FC12 /* Sources */,
				6BEA2C3A25DEB1FE0096FC12 /* Frameworks */,
				6BEA2C3B25DEB1FE0096FC12 /* Resources */,
			);
			buildRules = (
			);
			dependencies = (
			);
			name = CovidVaccMD;
			packageProductDependencies = (
				6BEA2C9925DEB80B0096FC12 /* Contentful */,
				6BEA2C9D25DEB8560096FC12 /* Lottie */,
				6BEA2CA125DEB87F0096FC12 /* SDWebImageSwiftUI */,
			);
			productName = CovidVaccMD;
			productReference = 6BEA2C3D25DEB1FE0096FC12 /* CovidVaccMD.app */;
			productType = "com.apple.product-type.application";
		};
/* End PBXNativeTarget section */

/* Begin PBXProject section */
		6BEA2C3525DEB1FE0096FC12 /* Project object */ = {
			isa = PBXProject;
			attributes = {
				LastSwiftUpdateCheck = 1220;
				LastUpgradeCheck = 1220;
				TargetAttributes = {
					6BEA2C3C25DEB1FE0096FC12 = {
						CreatedOnToolsVersion = 12.2;
					};
				};
			};
			buildConfigurationList = 6BEA2C3825DEB1FE0096FC12 /* Build configuration list for PBXProject "CovidVaccMD" */;
			compatibilityVersion = "Xcode 9.3";
			developmentRegion = en;
			hasScannedForEncodings = 0;
			knownRegions = (
				en,
				Base,
			);
			mainGroup = 6BEA2C3425DEB1FE0096FC12;
			packageReferences = (
				6BEA2C9825DEB80B0096FC12 /* XCRemoteSwiftPackageReference "contentful" */,
				6BEA2C9C25DEB8560096FC12 /* XCRemoteSwiftPackageReference "lottie-ios" */,
				6BEA2CA025DEB87F0096FC12 /* XCRemoteSwiftPackageReference "SDWebImageSwiftUI" */,
			);
			productRefGroup = 6BEA2C3E25DEB1FE0096FC12 /* Products */;
			projectDirPath = "";
			projectRoot = "";
			targets = (
				6BEA2C3C25DEB1FE0096FC12 /* CovidVaccMD */,
			);
		};
/* End PBXProject section */

/* Begin PBXResourcesBuildPhase section */
		6BEA2C3B25DEB1FE0096FC12 /* Resources */ = {
			isa = PBXResourcesBuildPhase;
			buildActionMask = 2147483647;
			files = (
				6BEA2C4825DEB1FF0096FC12 /* Preview Assets.xcassets in Resources */,
				6BEA2C4525DEB1FF0096FC12 /* Assets.xcassets in Resources */,
			);
			runOnlyForDeploymentPostprocessing = 0;
		};
/* End PBXResourcesBuildPhase section */

/* Begin PBXSourcesBuildPhase section */
		6BEA2C3925DEB1FE0096FC12 /* Sources */ = {
			isa = PBXSourcesBuildPhase;
			buildActionMask = 2147483647;
			files = (
				6B41B28525E140D800DD7E32 /* VaccineLocationsDetails.swift in Sources */,
				6BEA2C6625DEB3560096FC12 /* CourseDetail.swift in Sources */,
				6BEA2C9025DEB6FF0096FC12 /* Button.swift in Sources */,
				6B473C2125E41CF300A4B84C /* BackCardView.swift in Sources */,
				6B473BF525E414E700A4B84C /* MDHeader.swift in Sources */,
				6BEA2C7B25DEB67B0096FC12 /* DataStore.swift in Sources */,
				6BEA2C7825DEB61B0096FC12 /* Data.swift in Sources */,
				6B473C1E25E41CDB00A4B84C /* CardView.swift in Sources */,
				6BEA2C5825DEB2EA0096FC12 /* RingView.swift in Sources */,
				6BEA2C6F25DEB5D80096FC12 /* UpdateList.swift in Sources */,
				6B473C1725E418B500A4B84C /* CaseRingView.swift in Sources */,
				6BEA2C8A25DEB6DB0096FC12 /* LoadingView.swift in Sources */,
				6BEA2CD225E024220096FC12 /* MapView.swift in Sources */,
				6B473C0D25E4176D00A4B84C /* CaseView.swift in Sources */,
				6B473C2425E41D1A00A4B84C /* TitleView.swift in Sources */,
				6BDFC7E925E2EC81009ACA10 /* MDVaccineLocations.swift in Sources */,
				6BEA2C8725DEB6C10096FC12 /* LottieView.swift in Sources */,
				6BEA2C6925DEB3670096FC12 /* HomeView.swift in Sources */,
				6B473BF825E414FA00A4B84C /* MDCases.swift in Sources */,
				6BEA2C6325DEB3400096FC12 /* CourseStore.swift in Sources */,
				6B24D91025E55D8100396DB3 /* DeathList.swift in Sources */,
				6B473C3C25E41F6600A4B84C /* WatchRingsView.swift in Sources */,
				6BDFC7E625E2EC4F009ACA10 /* MDVaccine.swift in Sources */,
				6BEA2C8125DEB6A10096FC12 /* TabBar.swift in Sources */,
				6B473C0425E4171C00A4B84C /* CasesRowOne.swift in Sources */,
				6B24D97725E6E0F700396DB3 /* MassMapView.swift in Sources */,
				6BEA2C4325DEB1FE0096FC12 /* ContentView.swift in Sources */,
				6B473C3025E41EB000A4B84C /* SectionThirdRowView.swift in Sources */,
				6B24D96E25E6CA0600396DB3 /* HospitalMapView.swift in Sources */,
				6B473C3325E41EE800A4B84C /* Section.swift in Sources */,
				6BEA2C5525DEB2C70096FC12 /* UserStore.swift in Sources */,
				6B473C0725E4173500A4B84C /* HospitalRow.swift in Sources */,
				6B473C2A25E41E3200A4B84C /* SectionView.swift in Sources */,
				6BEA2C5C25DEB3090096FC12 /* Home.swift in Sources */,
				6BEA2C4125DEB1FE0096FC12 /* CovidVaccMDApp.swift in Sources */,
				6B473BFB25E4150E00A4B84C /* MDDataDeath.swift in Sources */,
				6B473C2725E41D3500A4B84C /* BottomCardView.swift in Sources */,
				6B473BF225E414C200A4B84C /* MDTotalCurrentHospital.swift in Sources */,
				6B473C1025E4178C00A4B84C /* HospitalView.swift in Sources */,
				6BDFC7E325E2EC04009ACA10 /* Post.swift in Sources */,
				6B473C4125E4251D00A4B84C /* CasesList.swift in Sources */,
				6B473C3925E41F2F00A4B84C /* SectionThirdRow.swift in Sources */,
				6B24D97325E6DA2B00396DB3 /* RetailMapView.swift in Sources */,
				6BEA2C9325DEB70F0096FC12 /* Modifers.swift in Sources */,
				6BEA2C7E25DEB6910096FC12 /* PostList.swift in Sources */,
				6B41B28225E140AA00DD7E32 /* VaccineLocationsListView.swift in Sources */,
				6B24D8E225E5393B00396DB3 /* HospitalList.swift in Sources */,
				6B473BEF25E4149D00A4B84C /* MDPositiveCases.swift in Sources */,
				6BEA2C8D25DEB6EE0096FC12 /* SuccessView.swift in Sources */,
				6BEA2C8425DEB6B20096FC12 /* BlurView.swift in Sources */,
				6BEA2C7525DEB6080096FC12 /* UpdateStore.swift in Sources */,
				6B473C2D25E41E7300A4B84C /* SectionSecondRowView.swift in Sources */,
				6B473C1425E4186E00A4B84C /* DeathView.swift in Sources */,
				6BDFC7F025E30794009ACA10 /* CasesView.swift in Sources */,
				6B24D96725E6925E00396DB3 /* MapViewWithAnnotations.swift in Sources */,
				6BEA2C6025DEB3210096FC12 /* CourseList.swift in Sources */,
				6B473C0A25E4174E00A4B84C /* DeathRow.swift in Sources */,
				6BEA2C9625DEB71E0096FC12 /* Keys.swift in Sources */,
				6B473C3625E41F0300A4B84C /* SectionSecondRow.swift in Sources */,
				6B473C1B25E41C0B00A4B84C /* HomeBackgroundView.swift in Sources */,
			);
			runOnlyForDeploymentPostprocessing = 0;
		};
/* End PBXSourcesBuildPhase section */

/* Begin XCBuildConfiguration section */
		6BEA2C4A25DEB1FF0096FC12 /* Debug */ = {
			isa = XCBuildConfiguration;
			buildSettings = {
				ALWAYS_SEARCH_USER_PATHS = NO;
				CLANG_ANALYZER_NONNULL = YES;
				CLANG_ANALYZER_NUMBER_OBJECT_CONVERSION = YES_AGGRESSIVE;
				CLANG_CXX_LANGUAGE_STANDARD = "gnu++14";
				CLANG_CXX_LIBRARY = "libc++";
				CLANG_ENABLE_MODULES = YES;
				CLANG_ENABLE_OBJC_ARC = YES;
				CLANG_ENABLE_OBJC_WEAK = YES;
				CLANG_WARN_BLOCK_CAPTURE_AUTORELEASING = YES;
				CLANG_WARN_BOOL_CONVERSION = YES;
				CLANG_WARN_COMMA = YES;
				CLANG_WARN_CONSTANT_CONVERSION = YES;
				CLANG_WARN_DEPRECATED_OBJC_IMPLEMENTATIONS = YES;
				CLANG_WARN_DIRECT_OBJC_ISA_USAGE = YES_ERROR;
				CLANG_WARN_DOCUMENTATION_COMMENTS = YES;
				CLANG_WARN_EMPTY_BODY = YES;
				CLANG_WARN_ENUM_CONVERSION = YES;
				CLANG_WARN_INFINITE_RECURSION = YES;
				CLANG_WARN_INT_CONVERSION = YES;
				CLANG_WARN_NON_LITERAL_NULL_CONVERSION = YES;
				CLANG_WARN_OBJC_IMPLICIT_RETAIN_SELF = YES;
				CLANG_WARN_OBJC_LITERAL_CONVERSION = YES;
				CLANG_WARN_OBJC_ROOT_CLASS = YES_ERROR;
				CLANG_WARN_QUOTED_INCLUDE_IN_FRAMEWORK_HEADER = YES;
				CLANG_WARN_RANGE_LOOP_ANALYSIS = YES;
				CLANG_WARN_STRICT_PROTOTYPES = YES;
				CLANG_WARN_SUSPICIOUS_MOVE = YES;
				CLANG_WARN_UNGUARDED_AVAILABILITY = YES_AGGRESSIVE;
				CLANG_WARN_UNREACHABLE_CODE = YES;
				CLANG_WARN__DUPLICATE_METHOD_MATCH = YES;
				COPY_PHASE_STRIP = NO;
				DEBUG_INFORMATION_FORMAT = dwarf;
				ENABLE_STRICT_OBJC_MSGSEND = YES;
				ENABLE_TESTABILITY = YES;
				GCC_C_LANGUAGE_STANDARD = gnu11;
				GCC_DYNAMIC_NO_PIC = NO;
				GCC_NO_COMMON_BLOCKS = YES;
				GCC_OPTIMIZATION_LEVEL = 0;
				GCC_PREPROCESSOR_DEFINITIONS = (
					"DEBUG=1",
					"$(inherited)",
				);
				GCC_WARN_64_TO_32_BIT_CONVERSION = YES;
				GCC_WARN_ABOUT_RETURN_TYPE = YES_ERROR;
				GCC_WARN_UNDECLARED_SELECTOR = YES;
				GCC_WARN_UNINITIALIZED_AUTOS = YES_AGGRESSIVE;
				GCC_WARN_UNUSED_FUNCTION = YES;
				GCC_WARN_UNUSED_VARIABLE = YES;
				IPHONEOS_DEPLOYMENT_TARGET = 14.2;
				MTL_ENABLE_DEBUG_INFO = INCLUDE_SOURCE;
				MTL_FAST_MATH = YES;
				ONLY_ACTIVE_ARCH = YES;
				SDKROOT = iphoneos;
				SWIFT_ACTIVE_COMPILATION_CONDITIONS = DEBUG;
				SWIFT_OPTIMIZATION_LEVEL = "-Onone";
			};
			name = Debug;
		};
		6BEA2C4B25DEB1FF0096FC12 /* Release */ = {
			isa = XCBuildConfiguration;
			buildSettings = {
				ALWAYS_SEARCH_USER_PATHS = NO;
				CLANG_ANALYZER_NONNULL = YES;
				CLANG_ANALYZER_NUMBER_OBJECT_CONVERSION = YES_AGGRESSIVE;
				CLANG_CXX_LANGUAGE_STANDARD = "gnu++14";
				CLANG_CXX_LIBRARY = "libc++";
				CLANG_ENABLE_MODULES = YES;
				CLANG_ENABLE_OBJC_ARC = YES;
				CLANG_ENABLE_OBJC_WEAK = YES;
				CLANG_WARN_BLOCK_CAPTURE_AUTORELEASING = YES;
				CLANG_WARN_BOOL_CONVERSION = YES;
				CLANG_WARN_COMMA = YES;
				CLANG_WARN_CONSTANT_CONVERSION = YES;
				CLANG_WARN_DEPRECATED_OBJC_IMPLEMENTATIONS = YES;
				CLANG_WARN_DIRECT_OBJC_ISA_USAGE = YES_ERROR;
				CLANG_WARN_DOCUMENTATION_COMMENTS = YES;
				CLANG_WARN_EMPTY_BODY = YES;
				CLANG_WARN_ENUM_CONVERSION = YES;
				CLANG_WARN_INFINITE_RECURSION = YES;
				CLANG_WARN_INT_CONVERSION = YES;
				CLANG_WARN_NON_LITERAL_NULL_CONVERSION = YES;
				CLANG_WARN_OBJC_IMPLICIT_RETAIN_SELF = YES;
				CLANG_WARN_OBJC_LITERAL_CONVERSION = YES;
				CLANG_WARN_OBJC_ROOT_CLASS = YES_ERROR;
				CLANG_WARN_QUOTED_INCLUDE_IN_FRAMEWORK_HEADER = YES;
				CLANG_WARN_RANGE_LOOP_ANALYSIS = YES;
				CLANG_WARN_STRICT_PROTOTYPES = YES;
				CLANG_WARN_SUSPICIOUS_MOVE = YES;
				CLANG_WARN_UNGUARDED_AVAILABILITY = YES_AGGRESSIVE;
				CLANG_WARN_UNREACHABLE_CODE = YES;
				CLANG_WARN__DUPLICATE_METHOD_MATCH = YES;
				COPY_PHASE_STRIP = NO;
				DEBUG_INFORMATION_FORMAT = "dwarf-with-dsym";
				ENABLE_NS_ASSERTIONS = NO;
				ENABLE_STRICT_OBJC_MSGSEND = YES;
				GCC_C_LANGUAGE_STANDARD = gnu11;
				GCC_NO_COMMON_BLOCKS = YES;
				GCC_WARN_64_TO_32_BIT_CONVERSION = YES;
				GCC_WARN_ABOUT_RETURN_TYPE = YES_ERROR;
				GCC_WARN_UNDECLARED_SELECTOR = YES;
				GCC_WARN_UNINITIALIZED_AUTOS = YES_AGGRESSIVE;
				GCC_WARN_UNUSED_FUNCTION = YES;
				GCC_WARN_UNUSED_VARIABLE = YES;
				IPHONEOS_DEPLOYMENT_TARGET = 14.2;
				MTL_ENABLE_DEBUG_INFO = NO;
				MTL_FAST_MATH = YES;
				SDKROOT = iphoneos;
				SWIFT_COMPILATION_MODE = wholemodule;
				SWIFT_OPTIMIZATION_LEVEL = "-O";
				VALIDATE_PRODUCT = YES;
			};
			name = Release;
		};
		6BEA2C4D25DEB1FF0096FC12 /* Debug */ = {
			isa = XCBuildConfiguration;
			buildSettings = {
				ASSETCATALOG_COMPILER_APPICON_NAME = AppIcon;
				ASSETCATALOG_COMPILER_GLOBAL_ACCENT_COLOR_NAME = AccentColor;
				CODE_SIGN_STYLE = Automatic;
				DEVELOPMENT_ASSET_PATHS = "\"CovidVaccMD/Preview Content\"";
				DEVELOPMENT_TEAM = D47C2NZJN5;
				ENABLE_PREVIEWS = YES;
				INFOPLIST_FILE = CovidVaccMD/Info.plist;
				IPHONEOS_DEPLOYMENT_TARGET = 14.0;
				LD_RUNPATH_SEARCH_PATHS = (
					"$(inherited)",
					"@executable_path/Frameworks",
				);
				PRODUCT_BUNDLE_IDENTIFIER = Matthew.Garlington.CovidVaccMD;
				PRODUCT_NAME = "$(TARGET_NAME)";
				SWIFT_VERSION = 5.0;
				TARGETED_DEVICE_FAMILY = "1,2";
			};
			name = Debug;
		};
		6BEA2C4E25DEB1FF0096FC12 /* Release */ = {
			isa = XCBuildConfiguration;
			buildSettings = {
				ASSETCATALOG_COMPILER_APPICON_NAME = AppIcon;
				ASSETCATALOG_COMPILER_GLOBAL_ACCENT_COLOR_NAME = AccentColor;
				CODE_SIGN_STYLE = Automatic;
				DEVELOPMENT_ASSET_PATHS = "\"CovidVaccMD/Preview Content\"";
				DEVELOPMENT_TEAM = D47C2NZJN5;
				ENABLE_PREVIEWS = YES;
				INFOPLIST_FILE = CovidVaccMD/Info.plist;
				IPHONEOS_DEPLOYMENT_TARGET = 14.0;
				LD_RUNPATH_SEARCH_PATHS = (
					"$(inherited)",
					"@executable_path/Frameworks",
				);
				PRODUCT_BUNDLE_IDENTIFIER = Matthew.Garlington.CovidVaccMD;
				PRODUCT_NAME = "$(TARGET_NAME)";
				SWIFT_VERSION = 5.0;
				TARGETED_DEVICE_FAMILY = "1,2";
			};
			name = Release;
		};
/* End XCBuildConfiguration section */

/* Begin XCConfigurationList section */
		6BEA2C3825DEB1FE0096FC12 /* Build configuration list for PBXProject "CovidVaccMD" */ = {
			isa = XCConfigurationList;
			buildConfigurations = (
				6BEA2C4A25DEB1FF0096FC12 /* Debug */,
				6BEA2C4B25DEB1FF0096FC12 /* Release */,
			);
			defaultConfigurationIsVisible = 0;
			defaultConfigurationName = Release;
		};
		6BEA2C4C25DEB1FF0096FC12 /* Build configuration list for PBXNativeTarget "CovidVaccMD" */ = {
			isa = XCConfigurationList;
			buildConfigurations = (
				6BEA2C4D25DEB1FF0096FC12 /* Debug */,
				6BEA2C4E25DEB1FF0096FC12 /* Release */,
			);
			defaultConfigurationIsVisible = 0;
			defaultConfigurationName = Release;
		};
/* End XCConfigurationList section */

/* Begin XCRemoteSwiftPackageReference section */
		6BEA2C9825DEB80B0096FC12 /* XCRemoteSwiftPackageReference "contentful" */ = {
			isa = XCRemoteSwiftPackageReference;
			repositoryURL = "https://github.com/contentful/contentful.swift";
			requirement = {
				kind = upToNextMajorVersion;
				minimumVersion = 5.4.1;
			};
		};
		6BEA2C9C25DEB8560096FC12 /* XCRemoteSwiftPackageReference "lottie-ios" */ = {
			isa = XCRemoteSwiftPackageReference;
			repositoryURL = "https://github.com/airbnb/lottie-ios.git";
			requirement = {
				kind = upToNextMajorVersion;
				minimumVersion = 3.2.1;
			};
		};
		6BEA2CA025DEB87F0096FC12 /* XCRemoteSwiftPackageReference "SDWebImageSwiftUI" */ = {
			isa = XCRemoteSwiftPackageReference;
			repositoryURL = "https://github.com/SDWebImage/SDWebImageSwiftUI.git";
			requirement = {
				kind = upToNextMajorVersion;
				minimumVersion = 1.5.0;
			};
		};
/* End XCRemoteSwiftPackageReference section */

/* Begin XCSwiftPackageProductDependency section */
		6BEA2C9925DEB80B0096FC12 /* Contentful */ = {
			isa = XCSwiftPackageProductDependency;
			package = 6BEA2C9825DEB80B0096FC12 /* XCRemoteSwiftPackageReference "contentful" */;
			productName = Contentful;
		};
		6BEA2C9D25DEB8560096FC12 /* Lottie */ = {
			isa = XCSwiftPackageProductDependency;
			package = 6BEA2C9C25DEB8560096FC12 /* XCRemoteSwiftPackageReference "lottie-ios" */;
			productName = Lottie;
		};
		6BEA2CA125DEB87F0096FC12 /* SDWebImageSwiftUI */ = {
			isa = XCSwiftPackageProductDependency;
			package = 6BEA2CA025DEB87F0096FC12 /* XCRemoteSwiftPackageReference "SDWebImageSwiftUI" */;
			productName = SDWebImageSwiftUI;
		};
/* End XCSwiftPackageProductDependency section */
	};
	rootObject = 6BEA2C3525DEB1FE0096FC12 /* Project object */;
}
